
Microsoft Visual Studio Solution File, Format Version 12.00
# Visual Studio Version 16
VisualStudioVersion = 16.0.32510.428
MinimumVisualStudioVersion = 10.0.40219.1
Project("{FAE04EC0-301F-11D3-BF4B-00C04F79EFBC}") = "BlogListing", "BlogListing\BlogListing.csproj", "{BFFF08B0-7DE7-4407-9B90-AA613A6C1721}"
EndProject
Global
	GlobalSection(SolutionConfigurationPlatforms) = preSolution
		Debug|Any CPU = Debug|Any CPU
		Release|Any CPU = Release|Any CPU
	EndGlobalSection
	GlobalSection(ProjectConfigurationPlatforms) = postSolution
		{BFFF08B0-7DE7-4407-9B90-AA613A6C1721}.Debug|Any CPU.ActiveCfg = Debug|Any CPU
		{BFFF08B0-7DE7-4407-9B90-AA613A6C1721}.Debug|Any CPU.Build.0 = Debug|Any CPU
		{BFFF08B0-7DE7-4407-9B90-AA613A6C1721}.Release|Any CPU.ActiveCfg = Release|Any CPU
		{BFFF08B0-7DE7-4407-9B90-AA613A6C1721}.Release|Any CPU.Build.0 = Release|Any CPU
	EndGlobalSection
	GlobalSection(SolutionProperties) = preSolution
		HideSolutionNode = FALSE
	EndGlobalSection
	GlobalSection(ExtensibilityGlobals) = postSolution
		SolutionGuid = {10CB567C-8F5C-4DCD-A258-2EF6C1CFEE3B}
	EndGlobalSection
EndGlobal
